// !$*UTF8*$!
{
	archiveVersion = 1;
	classes = {
	};
	objectVersion = 50;
	objects = {

/* Begin PBXBuildFile section */
		97E20C5BFA7F91DB1BDE543C /* Pods_Client.framework in Frameworks */ = {isa = PBXBuildFile; fileRef = C08D01CD4227410CA7023613 /* Pods_Client.framework */; };
		AC01687D20A3C80700919EE9 /* AppDelegate.swift in Sources */ = {isa = PBXBuildFile; fileRef = AC01687C20A3C80700919EE9 /* AppDelegate.swift */; };
		AC01688220A3C80700919EE9 /* Main.storyboard in Resources */ = {isa = PBXBuildFile; fileRef = AC01688020A3C80700919EE9 /* Main.storyboard */; };
		AC01688420A3C80900919EE9 /* Assets.xcassets in Resources */ = {isa = PBXBuildFile; fileRef = AC01688320A3C80900919EE9 /* Assets.xcassets */; };
		AC01688720A3C80900919EE9 /* LaunchScreen.storyboard in Resources */ = {isa = PBXBuildFile; fileRef = AC01688520A3C80900919EE9 /* LaunchScreen.storyboard */; };
		AC01689220A3CA9E00919EE9 /* Networking.swift in Sources */ = {isa = PBXBuildFile; fileRef = AC01689120A3CA9E00919EE9 /* Networking.swift */; };
		AC01727020A78FE8000CDB93 /* PhotoViewerViewController.swift in Sources */ = {isa = PBXBuildFile; fileRef = AC01726F20A78FE8000CDB93 /* PhotoViewerViewController.swift */; };
		AC01727620A79553000CDB93 /* TablePresentable.swift in Sources */ = {isa = PBXBuildFile; fileRef = AC01727520A79553000CDB93 /* TablePresentable.swift */; };
		AC01727920A79F7F000CDB93 /* PreviewerCollectionViewCell.swift in Sources */ = {isa = PBXBuildFile; fileRef = AC01727720A79F7F000CDB93 /* PreviewerCollectionViewCell.swift */; };
		AC01727A20A79F7F000CDB93 /* PreviewerCollectionViewCell.xib in Resources */ = {isa = PBXBuildFile; fileRef = AC01727820A79F7F000CDB93 /* PreviewerCollectionViewCell.xib */; };
		AC01727C20A7D8B4000CDB93 /* PhotosDataModel.swift in Sources */ = {isa = PBXBuildFile; fileRef = AC01727B20A7D8B4000CDB93 /* PhotosDataModel.swift */; };
		AC186D4020A892C10051B45F /* User.swift in Sources */ = {isa = PBXBuildFile; fileRef = AC186D3F20A892C10051B45F /* User.swift */; };
		ACBF933E20A4FED0008E3F26 /* PhotoCollectionViewCell.swift in Sources */ = {isa = PBXBuildFile; fileRef = ACBF933C20A4FED0008E3F26 /* PhotoCollectionViewCell.swift */; };
		ACBF933F20A4FED0008E3F26 /* PhotoCollectionViewCell.xib in Resources */ = {isa = PBXBuildFile; fileRef = ACBF933D20A4FED0008E3F26 /* PhotoCollectionViewCell.xib */; };
		ACBF934220A4FF45008E3F26 /* PhotosViewController.swift in Sources */ = {isa = PBXBuildFile; fileRef = ACBF934120A4FF45008E3F26 /* PhotosViewController.swift */; };
		ACBF934420A4FF75008E3F26 /* PhotosViewModel.swift in Sources */ = {isa = PBXBuildFile; fileRef = ACBF934320A4FF75008E3F26 /* PhotosViewModel.swift */; };
		ACBF934620A50362008E3F26 /* Photo.swift in Sources */ = {isa = PBXBuildFile; fileRef = ACBF934520A50362008E3F26 /* Photo.swift */; };
		ACBF934820A50697008E3F26 /* Page.swift in Sources */ = {isa = PBXBuildFile; fileRef = ACBF934720A50697008E3F26 /* Page.swift */; };
		ACBF934D20A51356008E3F26 /* Image.swift in Sources */ = {isa = PBXBuildFile; fileRef = ACBF934C20A51356008E3F26 /* Image.swift */; };
		ACBF935220A520AD008E3F26 /* PreservingAspectRatioLayout.swift in Sources */ = {isa = PBXBuildFile; fileRef = ACBF935120A520AD008E3F26 /* PreservingAspectRatioLayout.swift */; };
		ACBF935420A53572008E3F26 /* Row.swift in Sources */ = {isa = PBXBuildFile; fileRef = ACBF935320A53572008E3F26 /* Row.swift */; };
/* End PBXBuildFile section */

/* Begin PBXFileReference section */
		3D4877B12A2D950239F8527B /* Pods-Client.release.xcconfig */ = {isa = PBXFileReference; includeInIndex = 1; lastKnownFileType = text.xcconfig; name = "Pods-Client.release.xcconfig"; path = "Pods/Target Support Files/Pods-Client/Pods-Client.release.xcconfig"; sourceTree = "<group>"; };
		5280E02DE952D9EE5F23E0BE /* Pods-Client.debug.xcconfig */ = {isa = PBXFileReference; includeInIndex = 1; lastKnownFileType = text.xcconfig; name = "Pods-Client.debug.xcconfig"; path = "Pods/Target Support Files/Pods-Client/Pods-Client.debug.xcconfig"; sourceTree = "<group>"; };
		AC01687920A3C80700919EE9 /* Client.app */ = {isa = PBXFileReference; explicitFileType = wrapper.application; includeInIndex = 0; path = Client.app; sourceTree = BUILT_PRODUCTS_DIR; };
		AC01687C20A3C80700919EE9 /* AppDelegate.swift */ = {isa = PBXFileReference; lastKnownFileType = sourcecode.swift; path = AppDelegate.swift; sourceTree = "<group>"; };
		AC01688120A3C80700919EE9 /* Base */ = {isa = PBXFileReference; lastKnownFileType = file.storyboard; name = Base; path = Base.lproj/Main.storyboard; sourceTree = "<group>"; };
		AC01688320A3C80900919EE9 /* Assets.xcassets */ = {isa = PBXFileReference; lastKnownFileType = folder.assetcatalog; path = Assets.xcassets; sourceTree = "<group>"; };
		AC01688620A3C80900919EE9 /* Base */ = {isa = PBXFileReference; lastKnownFileType = file.storyboard; name = Base; path = Base.lproj/LaunchScreen.storyboard; sourceTree = "<group>"; };
		AC01688820A3C80900919EE9 /* Info.plist */ = {isa = PBXFileReference; lastKnownFileType = text.plist.xml; path = Info.plist; sourceTree = "<group>"; };
		AC01689120A3CA9E00919EE9 /* Networking.swift */ = {isa = PBXFileReference; lastKnownFileType = sourcecode.swift; path = Networking.swift; sourceTree = "<group>"; };
		AC01726F20A78FE8000CDB93 /* PhotoViewerViewController.swift */ = {isa = PBXFileReference; lastKnownFileType = sourcecode.swift; path = PhotoViewerViewController.swift; sourceTree = "<group>"; };
		AC01727520A79553000CDB93 /* TablePresentable.swift */ = {isa = PBXFileReference; lastKnownFileType = sourcecode.swift; path = TablePresentable.swift; sourceTree = "<group>"; };
		AC01727720A79F7F000CDB93 /* PreviewerCollectionViewCell.swift */ = {isa = PBXFileReference; lastKnownFileType = sourcecode.swift; path = PreviewerCollectionViewCell.swift; sourceTree = "<group>"; };
		AC01727820A79F7F000CDB93 /* PreviewerCollectionViewCell.xib */ = {isa = PBXFileReference; lastKnownFileType = file.xib; path = PreviewerCollectionViewCell.xib; sourceTree = "<group>"; };
		AC01727B20A7D8B4000CDB93 /* PhotosDataModel.swift */ = {isa = PBXFileReference; lastKnownFileType = sourcecode.swift; path = PhotosDataModel.swift; sourceTree = "<group>"; };
		AC186D3F20A892C10051B45F /* User.swift */ = {isa = PBXFileReference; lastKnownFileType = sourcecode.swift; path = User.swift; sourceTree = "<group>"; };
		ACBF933C20A4FED0008E3F26 /* PhotoCollectionViewCell.swift */ = {isa = PBXFileReference; lastKnownFileType = sourcecode.swift; path = PhotoCollectionViewCell.swift; sourceTree = "<group>"; };
		ACBF933D20A4FED0008E3F26 /* PhotoCollectionViewCell.xib */ = {isa = PBXFileReference; lastKnownFileType = file.xib; path = PhotoCollectionViewCell.xib; sourceTree = "<group>"; };
		ACBF934120A4FF45008E3F26 /* PhotosViewController.swift */ = {isa = PBXFileReference; lastKnownFileType = sourcecode.swift; path = PhotosViewController.swift; sourceTree = "<group>"; };
		ACBF934320A4FF75008E3F26 /* PhotosViewModel.swift */ = {isa = PBXFileReference; lastKnownFileType = sourcecode.swift; path = PhotosViewModel.swift; sourceTree = "<group>"; };
		ACBF934520A50362008E3F26 /* Photo.swift */ = {isa = PBXFileReference; lastKnownFileType = sourcecode.swift; path = Photo.swift; sourceTree = "<group>"; };
		ACBF934720A50697008E3F26 /* Page.swift */ = {isa = PBXFileReference; lastKnownFileType = sourcecode.swift; path = Page.swift; sourceTree = "<group>"; };
		ACBF934C20A51356008E3F26 /* Image.swift */ = {isa = PBXFileReference; lastKnownFileType = sourcecode.swift; path = Image.swift; sourceTree = "<group>"; };
		ACBF935120A520AD008E3F26 /* PreservingAspectRatioLayout.swift */ = {isa = PBXFileReference; lastKnownFileType = sourcecode.swift; path = PreservingAspectRatioLayout.swift; sourceTree = "<group>"; };
		ACBF935320A53572008E3F26 /* Row.swift */ = {isa = PBXFileReference; lastKnownFileType = sourcecode.swift; path = Row.swift; sourceTree = "<group>"; };
		C08D01CD4227410CA7023613 /* Pods_Client.framework */ = {isa = PBXFileReference; explicitFileType = wrapper.framework; includeInIndex = 0; path = Pods_Client.framework; sourceTree = BUILT_PRODUCTS_DIR; };
/* End PBXFileReference section */

/* Begin PBXFrameworksBuildPhase section */
		AC01687620A3C80700919EE9 /* Frameworks */ = {
			isa = PBXFrameworksBuildPhase;
			buildActionMask = 2147483647;
			files = (
				97E20C5BFA7F91DB1BDE543C /* Pods_Client.framework in Frameworks */,
			);
			runOnlyForDeploymentPostprocessing = 0;
		};
/* End PBXFrameworksBuildPhase section */

/* Begin PBXGroup section */
		04A767FBF0FA32FD7835C47D /* Pods */ = {
			isa = PBXGroup;
			children = (
				5280E02DE952D9EE5F23E0BE /* Pods-Client.debug.xcconfig */,
				3D4877B12A2D950239F8527B /* Pods-Client.release.xcconfig */,
			);
			name = Pods;
			sourceTree = "<group>";
		};
		AC01687020A3C80700919EE9 = {
			isa = PBXGroup;
			children = (
				AC01687B20A3C80700919EE9 /* Client */,
				AC01687A20A3C80700919EE9 /* Products */,
				04A767FBF0FA32FD7835C47D /* Pods */,
				E4E60892EBD3F607A2017177 /* Frameworks */,
			);
			sourceTree = "<group>";
		};
		AC01687A20A3C80700919EE9 /* Products */ = {
			isa = PBXGroup;
			children = (
				AC01687920A3C80700919EE9 /* Client.app */,
			);
			name = Products;
			sourceTree = "<group>";
		};
		AC01687B20A3C80700919EE9 /* Client */ = {
			isa = PBXGroup;
			children = (
				AC01727420A79547000CDB93 /* Protocols */,
				ACBF934920A506BD008E3F26 /* Utils */,
				ACBF934020A4FF32008E3F26 /* Controllers */,
				AC01688E20A3CA8600919EE9 /* Model */,
				ACBF934B20A507DA008E3F26 /* UI */,
				AC01687C20A3C80700919EE9 /* AppDelegate.swift */,
				AC01688320A3C80900919EE9 /* Assets.xcassets */,
				AC01688820A3C80900919EE9 /* Info.plist */,
			);
			path = Client;
			sourceTree = "<group>";
		};
		AC01688E20A3CA8600919EE9 /* Model */ = {
			isa = PBXGroup;
			children = (
				ACBF934320A4FF75008E3F26 /* PhotosViewModel.swift */,
				AC01727B20A7D8B4000CDB93 /* PhotosDataModel.swift */,
				ACBF934520A50362008E3F26 /* Photo.swift */,
				ACBF934720A50697008E3F26 /* Page.swift */,
				ACBF934C20A51356008E3F26 /* Image.swift */,
				AC186D3F20A892C10051B45F /* User.swift */,
			);
			path = Model;
			sourceTree = "<group>";
		};
		AC01727420A79547000CDB93 /* Protocols */ = {
			isa = PBXGroup;
			children = (
				AC01727520A79553000CDB93 /* TablePresentable.swift */,
			);
			path = Protocols;
			sourceTree = "<group>";
		};
		ACBF933B20A4FEAD008E3F26 /* Views */ = {
			isa = PBXGroup;
			children = (
				ACBF933C20A4FED0008E3F26 /* PhotoCollectionViewCell.swift */,
				ACBF933D20A4FED0008E3F26 /* PhotoCollectionViewCell.xib */,
				AC01727720A79F7F000CDB93 /* PreviewerCollectionViewCell.swift */,
				AC01727820A79F7F000CDB93 /* PreviewerCollectionViewCell.xib */,
			);
			path = Views;
			sourceTree = "<group>";
		};
		ACBF934020A4FF32008E3F26 /* Controllers */ = {
			isa = PBXGroup;
			children = (
				ACBF934120A4FF45008E3F26 /* PhotosViewController.swift */,
				AC01726F20A78FE8000CDB93 /* PhotoViewerViewController.swift */,
			);
			path = Controllers;
			sourceTree = "<group>";
		};
		ACBF934920A506BD008E3F26 /* Utils */ = {
			isa = PBXGroup;
			children = (
				AC01689120A3CA9E00919EE9 /* Networking.swift */,
				ACBF935120A520AD008E3F26 /* PreservingAspectRatioLayout.swift */,
				ACBF935320A53572008E3F26 /* Row.swift */,
			);
			path = Utils;
			sourceTree = "<group>";
		};
		ACBF934B20A507DA008E3F26 /* UI */ = {
			isa = PBXGroup;
			children = (
				ACBF933B20A4FEAD008E3F26 /* Views */,
				AC01688020A3C80700919EE9 /* Main.storyboard */,
				AC01688520A3C80900919EE9 /* LaunchScreen.storyboard */,
			);
			path = UI;
			sourceTree = "<group>";
		};
		E4E60892EBD3F607A2017177 /* Frameworks */ = {
			isa = PBXGroup;
			children = (
				C08D01CD4227410CA7023613 /* Pods_Client.framework */,
			);
			name = Frameworks;
			sourceTree = "<group>";
		};
/* End PBXGroup section */

/* Begin PBXNativeTarget section */
		AC01687820A3C80700919EE9 /* Client */ = {
			isa = PBXNativeTarget;
			buildConfigurationList = AC01688B20A3C80900919EE9 /* Build configuration list for PBXNativeTarget "Client" */;
			buildPhases = (
				01DAF68815DF4973A227924B /* [CP] Check Pods Manifest.lock */,
				AC01687520A3C80700919EE9 /* Sources */,
				AC01687620A3C80700919EE9 /* Frameworks */,
				AC01687720A3C80700919EE9 /* Resources */,
				880C2712FBDFE72D21914191 /* [CP] Embed Pods Frameworks */,
			);
			buildRules = (
			);
			dependencies = (
			);
			name = Client;
			productName = Client;
			productReference = AC01687920A3C80700919EE9 /* Client.app */;
			productType = "com.apple.product-type.application";
		};
/* End PBXNativeTarget section */

/* Begin PBXProject section */
		AC01687120A3C80700919EE9 /* Project object */ = {
			isa = PBXProject;
			attributes = {
				LastSwiftUpdateCheck = 0930;
				LastUpgradeCheck = 0930;
				ORGANIZATIONNAME = "Artem Tselikov";
				TargetAttributes = {
					AC01687820A3C80700919EE9 = {
						CreatedOnToolsVersion = 9.3;
					};
				};
			};
			buildConfigurationList = AC01687420A3C80700919EE9 /* Build configuration list for PBXProject "Client" */;
			compatibilityVersion = "Xcode 9.3";
			developmentRegion = en;
			hasScannedForEncodings = 0;
			knownRegions = (
				en,
				Base,
			);
			mainGroup = AC01687020A3C80700919EE9;
			productRefGroup = AC01687A20A3C80700919EE9 /* Products */;
			projectDirPath = "";
			projectRoot = "";
			targets = (
				AC01687820A3C80700919EE9 /* Client */,
			);
		};
/* End PBXProject section */

/* Begin PBXResourcesBuildPhase section */
		AC01687720A3C80700919EE9 /* Resources */ = {
			isa = PBXResourcesBuildPhase;
			buildActionMask = 2147483647;
			files = (
				AC01688720A3C80900919EE9 /* LaunchScreen.storyboard in Resources */,
				ACBF933F20A4FED0008E3F26 /* PhotoCollectionViewCell.xib in Resources */,
				AC01688420A3C80900919EE9 /* Assets.xcassets in Resources */,
				AC01727A20A79F7F000CDB93 /* PreviewerCollectionViewCell.xib in Resources */,
				AC01688220A3C80700919EE9 /* Main.storyboard in Resources */,
			);
			runOnlyForDeploymentPostprocessing = 0;
		};
/* End PBXResourcesBuildPhase section */

/* Begin PBXShellScriptBuildPhase section */
		01DAF68815DF4973A227924B /* [CP] Check Pods Manifest.lock */ = {
			isa = PBXShellScriptBuildPhase;
			buildActionMask = 2147483647;
			files = (
			);
			inputPaths = (
				"${PODS_PODFILE_DIR_PATH}/Podfile.lock",
				"${PODS_ROOT}/Manifest.lock",
			);
			name = "[CP] Check Pods Manifest.lock";
			outputPaths = (
				"$(DERIVED_FILE_DIR)/Pods-Client-checkManifestLockResult.txt",
			);
			runOnlyForDeploymentPostprocessing = 0;
			shellPath = /bin/sh;
			shellScript = "diff \"${PODS_PODFILE_DIR_PATH}/Podfile.lock\" \"${PODS_ROOT}/Manifest.lock\" > /dev/null\nif [ $? != 0 ] ; then\n    # print error to STDERR\n    echo \"error: The sandbox is not in sync with the Podfile.lock. Run 'pod install' or update your CocoaPods installation.\" >&2\n    exit 1\nfi\n# This output is used by Xcode 'outputs' to avoid re-running this script phase.\necho \"SUCCESS\" > \"${SCRIPT_OUTPUT_FILE_0}\"\n";
			showEnvVarsInLog = 0;
		};
		880C2712FBDFE72D21914191 /* [CP] Embed Pods Frameworks */ = {
			isa = PBXShellScriptBuildPhase;
			buildActionMask = 2147483647;
			files = (
			);
			inputPaths = (
				"${SRCROOT}/Pods/Target Support Files/Pods-Client/Pods-Client-frameworks.sh",
				"${BUILT_PRODUCTS_DIR}/Alamofire/Alamofire.framework",
				"${BUILT_PRODUCTS_DIR}/AlamofireImage/AlamofireImage.framework",
				"${BUILT_PRODUCTS_DIR}/Dwifft/Dwifft.framework",
			);
			name = "[CP] Embed Pods Frameworks";
			outputPaths = (
				"${TARGET_BUILD_DIR}/${FRAMEWORKS_FOLDER_PATH}/Alamofire.framework",
				"${TARGET_BUILD_DIR}/${FRAMEWORKS_FOLDER_PATH}/AlamofireImage.framework",
				"${TARGET_BUILD_DIR}/${FRAMEWORKS_FOLDER_PATH}/Dwifft.framework",
			);
			runOnlyForDeploymentPostprocessing = 0;
			shellPath = /bin/sh;
			shellScript = "\"${SRCROOT}/Pods/Target Support Files/Pods-Client/Pods-Client-frameworks.sh\"\n";
			showEnvVarsInLog = 0;
		};
/* End PBXShellScriptBuildPhase section */

/* Begin PBXSourcesBuildPhase section */
		AC01687520A3C80700919EE9 /* Sources */ = {
			isa = PBXSourcesBuildPhase;
			buildActionMask = 2147483647;
			files = (
				ACBF934620A50362008E3F26 /* Photo.swift in Sources */,
				ACBF934D20A51356008E3F26 /* Image.swift in Sources */,
				AC01727620A79553000CDB93 /* TablePresentable.swift in Sources */,
				ACBF933E20A4FED0008E3F26 /* PhotoCollectionViewCell.swift in Sources */,
				ACBF935220A520AD008E3F26 /* PreservingAspectRatioLayout.swift in Sources */,
				AC01687D20A3C80700919EE9 /* AppDelegate.swift in Sources */,
				ACBF934220A4FF45008E3F26 /* PhotosViewController.swift in Sources */,
				ACBF934820A50697008E3F26 /* Page.swift in Sources */,
				AC186D4020A892C10051B45F /* User.swift in Sources */,
				AC01689220A3CA9E00919EE9 /* Networking.swift in Sources */,
				AC01727920A79F7F000CDB93 /* PreviewerCollectionViewCell.swift in Sources */,
				ACBF935420A53572008E3F26 /* Row.swift in Sources */,
				AC01727020A78FE8000CDB93 /* PhotoViewerViewController.swift in Sources */,
				AC01727C20A7D8B4000CDB93 /* PhotosDataModel.swift in Sources */,
				ACBF934420A4FF75008E3F26 /* PhotosViewModel.swift in Sources */,
			);
			runOnlyForDeploymentPostprocessing = 0;
		};
/* End PBXSourcesBuildPhase section */

/* Begin PBXVariantGroup section */
		AC01688020A3C80700919EE9 /* Main.storyboard */ = {
			isa = PBXVariantGroup;
			children = (
				AC01688120A3C80700919EE9 /* Base */,
			);
			name = Main.storyboard;
			sourceTree = "<group>";
		};
		AC01688520A3C80900919EE9 /* LaunchScreen.storyboard */ = {
			isa = PBXVariantGroup;
			children = (
				AC01688620A3C80900919EE9 /* Base */,
			);
			name = LaunchScreen.storyboard;
			sourceTree = "<group>";
		};
/* End PBXVariantGroup section */

/* Begin XCBuildConfiguration section */
		AC01688920A3C80900919EE9 /* Debug */ = {
			isa = XCBuildConfiguration;
			buildSettings = {
				ALWAYS_SEARCH_USER_PATHS = NO;
				CLANG_ANALYZER_NONNULL = YES;
				CLANG_ANALYZER_NUMBER_OBJECT_CONVERSION = YES_AGGRESSIVE;
				CLANG_CXX_LANGUAGE_STANDARD = "gnu++14";
				CLANG_CXX_LIBRARY = "libc++";
				CLANG_ENABLE_MODULES = YES;
				CLANG_ENABLE_OBJC_ARC = YES;
				CLANG_ENABLE_OBJC_WEAK = YES;
				CLANG_WARN_BLOCK_CAPTURE_AUTORELEASING = YES;
				CLANG_WARN_BOOL_CONVERSION = YES;
				CLANG_WARN_COMMA = YES;
				CLANG_WARN_CONSTANT_CONVERSION = YES;
				CLANG_WARN_DEPRECATED_OBJC_IMPLEMENTATIONS = YES;
				CLANG_WARN_DIRECT_OBJC_ISA_USAGE = YES_ERROR;
				CLANG_WARN_DOCUMENTATION_COMMENTS = YES;
				CLANG_WARN_EMPTY_BODY = YES;
				CLANG_WARN_ENUM_CONVERSION = YES;
				CLANG_WARN_INFINITE_RECURSION = YES;
				CLANG_WARN_INT_CONVERSION = YES;
				CLANG_WARN_NON_LITERAL_NULL_CONVERSION = YES;
				CLANG_WARN_OBJC_IMPLICIT_RETAIN_SELF = YES;
				CLANG_WARN_OBJC_LITERAL_CONVERSION = YES;
				CLANG_WARN_OBJC_ROOT_CLASS = YES_ERROR;
				CLANG_WARN_RANGE_LOOP_ANALYSIS = YES;
				CLANG_WARN_STRICT_PROTOTYPES = YES;
				CLANG_WARN_SUSPICIOUS_MOVE = YES;
				CLANG_WARN_UNGUARDED_AVAILABILITY = YES_AGGRESSIVE;
				CLANG_WARN_UNREACHABLE_CODE = YES;
				CLANG_WARN__DUPLICATE_METHOD_MATCH = YES;
				CODE_SIGN_IDENTITY = "iPhone Developer";
				COPY_PHASE_STRIP = NO;
				DEBUG_INFORMATION_FORMAT = dwarf;
				ENABLE_STRICT_OBJC_MSGSEND = YES;
				ENABLE_TESTABILITY = YES;
				GCC_C_LANGUAGE_STANDARD = gnu11;
				GCC_DYNAMIC_NO_PIC = NO;
				GCC_NO_COMMON_BLOCKS = YES;
				GCC_OPTIMIZATION_LEVEL = 0;
				GCC_PREPROCESSOR_DEFINITIONS = (
					"DEBUG=1",
					"$(inherited)",
				);
				GCC_WARN_64_TO_32_BIT_CONVERSION = YES;
				GCC_WARN_ABOUT_RETURN_TYPE = YES_ERROR;
				GCC_WARN_UNDECLARED_SELECTOR = YES;
				GCC_WARN_UNINITIALIZED_AUTOS = YES_AGGRESSIVE;
				GCC_WARN_UNUSED_FUNCTION = YES;
				GCC_WARN_UNUSED_VARIABLE = YES;
				IPHONEOS_DEPLOYMENT_TARGET = 11.3;
				MTL_ENABLE_DEBUG_INFO = YES;
				ONLY_ACTIVE_ARCH = YES;
				SDKROOT = iphoneos;
				SWIFT_ACTIVE_COMPILATION_CONDITIONS = DEBUG;
				SWIFT_OPTIMIZATION_LEVEL = "-Onone";
			};
			name = Debug;
		};
		AC01688A20A3C80900919EE9 /* Release */ = {
			isa = XCBuildConfiguration;
			buildSettings = {
				ALWAYS_SEARCH_USER_PATHS = NO;
				CLANG_ANALYZER_NONNULL = YES;
				CLANG_ANALYZER_NUMBER_OBJECT_CONVERSION = YES_AGGRESSIVE;
				CLANG_CXX_LANGUAGE_STANDARD = "gnu++14";
				CLANG_CXX_LIBRARY = "libc++";
				CLANG_ENABLE_MODULES = YES;
				CLANG_ENABLE_OBJC_ARC = YES;
				CLANG_ENABLE_OBJC_WEAK = YES;
				CLANG_WARN_BLOCK_CAPTURE_AUTORELEASING = YES;
				CLANG_WARN_BOOL_CONVERSION = YES;
				CLANG_WARN_COMMA = YES;
				CLANG_WARN_CONSTANT_CONVERSION = YES;
				CLANG_WARN_DEPRECATED_OBJC_IMPLEMENTATIONS = YES;
				CLANG_WARN_DIRECT_OBJC_ISA_USAGE = YES_ERROR;
				CLANG_WARN_DOCUMENTATION_COMMENTS = YES;
				CLANG_WARN_EMPTY_BODY = YES;
				CLANG_WARN_ENUM_CONVERSION = YES;
				CLANG_WARN_INFINITE_RECURSION = YES;
				CLANG_WARN_INT_CONVERSION = YES;
				CLANG_WARN_NON_LITERAL_NULL_CONVERSION = YES;
				CLANG_WARN_OBJC_IMPLICIT_RETAIN_SELF = YES;
				CLANG_WARN_OBJC_LITERAL_CONVERSION = YES;
				CLANG_WARN_OBJC_ROOT_CLASS = YES_ERROR;
				CLANG_WARN_RANGE_LOOP_ANALYSIS = YES;
				CLANG_WARN_STRICT_PROTOTYPES = YES;
				CLANG_WARN_SUSPICIOUS_MOVE = YES;
				CLANG_WARN_UNGUARDED_AVAILABILITY = YES_AGGRESSIVE;
				CLANG_WARN_UNREACHABLE_CODE = YES;
				CLANG_WARN__DUPLICATE_METHOD_MATCH = YES;
				CODE_SIGN_IDENTITY = "iPhone Developer";
				COPY_PHASE_STRIP = NO;
				DEBUG_INFORMATION_FORMAT = "dwarf-with-dsym";
				ENABLE_NS_ASSERTIONS = NO;
				ENABLE_STRICT_OBJC_MSGSEND = YES;
				GCC_C_LANGUAGE_STANDARD = gnu11;
				GCC_NO_COMMON_BLOCKS = YES;
				GCC_WARN_64_TO_32_BIT_CONVERSION = YES;
				GCC_WARN_ABOUT_RETURN_TYPE = YES_ERROR;
				GCC_WARN_UNDECLARED_SELECTOR = YES;
				GCC_WARN_UNINITIALIZED_AUTOS = YES_AGGRESSIVE;
				GCC_WARN_UNUSED_FUNCTION = YES;
				GCC_WARN_UNUSED_VARIABLE = YES;
				IPHONEOS_DEPLOYMENT_TARGET = 11.3;
				MTL_ENABLE_DEBUG_INFO = NO;
				SDKROOT = iphoneos;
				SWIFT_COMPILATION_MODE = wholemodule;
				SWIFT_OPTIMIZATION_LEVEL = "-O";
				VALIDATE_PRODUCT = YES;
			};
			name = Release;
		};
		AC01688C20A3C80900919EE9 /* Debug */ = {
			isa = XCBuildConfiguration;
			baseConfigurationReference = 5280E02DE952D9EE5F23E0BE /* Pods-Client.debug.xcconfig */;
			buildSettings = {
				ASSETCATALOG_COMPILER_APPICON_NAME = AppIcon;
				CODE_SIGN_STYLE = Automatic;
				DEVELOPMENT_TEAM = 768KTYFHEL;
				INFOPLIST_FILE = Client/Info.plist;
				LD_RUNPATH_SEARCH_PATHS = (
					"$(inherited)",
					"@executable_path/Frameworks",
				);
				PRODUCT_BUNDLE_IDENTIFIER = com.tselikov.500px.Client;
				PRODUCT_NAME = "$(TARGET_NAME)";
				SWIFT_VERSION = 4.0;
				TARGETED_DEVICE_FAMILY = "1,2";
			};
			name = Debug;
		};
		AC01688D20A3C80900919EE9 /* Release */ = {
			isa = XCBuildConfiguration;
			baseConfigurationReference = 3D4877B12A2D950239F8527B /* Pods-Client.release.xcconfig */;
			buildSettings = {
				ASSETCATALOG_COMPILER_APPICON_NAME = AppIcon;
				CODE_SIGN_STYLE = Automatic;
				DEVELOPMENT_TEAM = 768KTYFHEL;
				INFOPLIST_FILE = Client/Info.plist;
				LD_RUNPATH_SEARCH_PATHS = (
					"$(inherited)",
					"@executable_path/Frameworks",
				);
				PRODUCT_BUNDLE_IDENTIFIER = com.tselikov.500px.Client;
				PRODUCT_NAME = "$(TARGET_NAME)";
				SWIFT_VERSION = 4.0;
				TARGETED_DEVICE_FAMILY = "1,2";
			};
			name = Release;
		};
/* End XCBuildConfiguration section */

/* Begin XCConfigurationList section */
		AC01687420A3C80700919EE9 /* Build configuration list for PBXProject "Client" */ = {
			isa = XCConfigurationList;
			buildConfigurations = (
				AC01688920A3C80900919EE9 /* Debug */,
				AC01688A20A3C80900919EE9 /* Release */,
			);
			defaultConfigurationIsVisible = 0;
			defaultConfigurationName = Release;
		};
		AC01688B20A3C80900919EE9 /* Build configuration list for PBXNativeTarget "Client" */ = {
			isa = XCConfigurationList;
			buildConfigurations = (
				AC01688C20A3C80900919EE9 /* Debug */,
				AC01688D20A3C80900919EE9 /* Release */,
			);
			defaultConfigurationIsVisible = 0;
			defaultConfigurationName = Release;
		};
/* End XCConfigurationList section */
	};
	rootObject = AC01687120A3C80700919EE9 /* Project object */;
}
